PODS:
  - Alamofire (5.1.0)
  - Nimble (8.0.7)
  - Quick (2.2.0)

DEPENDENCIES:
  - Alamofire
  - Nimble
  - Quick

SPEC REPOS:
  trunk:
    - Alamofire
    - Nimble
    - Quick

SPEC CHECKSUMS:
  Alamofire: 9d5c5f602928e512395b30950c5984eca840093c
  Nimble: a73af6ecd4c9106f434f3d55fc54570be3739e0b
  Quick: 7fb19e13be07b5dfb3b90d4f9824c855a11af40e

PODFILE CHECKSUM: 255870897d822535d361295c70a92c408571be8e

COCOAPODS: 1.9.1
